
Microsoft Visual Studio Solution File, Format Version 12.00
# Visual Studio Version 16
VisualStudioVersion = 16.0.34729.46
MinimumVisualStudioVersion = 10.0.40219.1
Project("{FAE04EC0-301F-11D3-BF4B-00C04F79EFBC}") = "Testaspwebapi", "Testaspwebapi.csproj", "{C8617039-0ADE-44E8-B9A5-3C5F55F334A6}"
EndProject
Global
	GlobalSection(SolutionConfigurationPlatforms) = preSolution
		Debug|Any CPU = Debug|Any CPU
		Release|Any CPU = Release|Any CPU
	EndGlobalSection
	GlobalSection(ProjectConfigurationPlatforms) = postSolution
		{C8617039-0ADE-44E8-B9A5-3C5F55F334A6}.Debug|Any CPU.ActiveCfg = Debug|Any CPU
		{C8617039-0ADE-44E8-B9A5-3C5F55F334A6}.Debug|Any CPU.Build.0 = Debug|Any CPU
		{C8617039-0ADE-44E8-B9A5-3C5F55F334A6}.Release|Any CPU.ActiveCfg = Release|Any CPU
		{C8617039-0ADE-44E8-B9A5-3C5F55F334A6}.Release|Any CPU.Build.0 = Release|Any CPU
	EndGlobalSection
	GlobalSection(SolutionProperties) = preSolution
		HideSolutionNode = FALSE
	EndGlobalSection
	GlobalSection(ExtensibilityGlobals) = postSolution
		SolutionGuid = {728FFCE4-17B3-47E4-81E4-EB66A50D47EF}
	EndGlobalSection
EndGlobal
